// !$*UTF8*$!
{
	archiveVersion = 1;
	classes = {
	};
	objectVersion = 46;
	objects = {

/* Begin PBXBuildFile section */
		794D71D71D058F4E002411C4 /* CalculatorBrain.swift in Sources */ = {isa = PBXBuildFile; fileRef = 794D71D61D058F4E002411C4 /* CalculatorBrain.swift */; };
		79E7EF4A1CF332330034AB9E /* AppDelegate.swift in Sources */ = {isa = PBXBuildFile; fileRef = 79E7EF491CF332330034AB9E /* AppDelegate.swift */; };
		79E7EF4C1CF332330034AB9E /* ViewController.swift in Sources */ = {isa = PBXBuildFile; fileRef = 79E7EF4B1CF332330034AB9E /* ViewController.swift */; };
		79E7EF4F1CF332330034AB9E /* Main.storyboard in Resources */ = {isa = PBXBuildFile; fileRef = 79E7EF4D1CF332330034AB9E /* Main.storyboard */; };
		79E7EF511CF332330034AB9E /* Assets.xcassets in Resources */ = {isa = PBXBuildFile; fileRef = 79E7EF501CF332330034AB9E /* Assets.xcassets */; };
		79E7EF541CF332330034AB9E /* LaunchScreen.storyboard in Resources */ = {isa = PBXBuildFile; fileRef = 79E7EF521CF332330034AB9E /* LaunchScreen.storyboard */; };
/* End PBXBuildFile section */

/* Begin PBXFileReference section */
		794D71D61D058F4E002411C4 /* CalculatorBrain.swift */ = {isa = PBXFileReference; fileEncoding = 4; lastKnownFileType = sourcecode.swift; path = CalculatorBrain.swift; sourceTree = "<group>"; };
		79E7EF461CF332330034AB9E /* Calculator4.app */ = {isa = PBXFileReference; explicitFileType = wrapper.application; includeInIndex = 0; path = Calculator4.app; sourceTree = BUILT_PRODUCTS_DIR; };
		79E7EF491CF332330034AB9E /* AppDelegate.swift */ = {isa = PBXFileReference; lastKnownFileType = sourcecode.swift; path = AppDelegate.swift; sourceTree = "<group>"; };
		79E7EF4B1CF332330034AB9E /* ViewController.swift */ = {isa = PBXFileReference; lastKnownFileType = sourcecode.swift; path = ViewController.swift; sourceTree = "<group>"; };
		79E7EF4E1CF332330034AB9E /* Base */ = {isa = PBXFileReference; lastKnownFileType = file.storyboard; name = Base; path = Base.lproj/Main.storyboard; sourceTree = "<group>"; };
		79E7EF501CF332330034AB9E /* Assets.xcassets */ = {isa = PBXFileReference; lastKnownFileType = folder.assetcatalog; path = Assets.xcassets; sourceTree = "<group>"; };
		79E7EF531CF332330034AB9E /* Base */ = {isa = PBXFileReference; lastKnownFileType = file.storyboard; name = Base; path = Base.lproj/LaunchScreen.storyboard; sourceTree = "<group>"; };
		79E7EF551CF332330034AB9E /* Info.plist */ = {isa = PBXFileReference; lastKnownFileType = text.plist.xml; path = Info.plist; sourceTree = "<group>"; };
/* End PBXFileReference section */

/* Begin PBXFrameworksBuildPhase section */
		79E7EF431CF332330034AB9E /* Frameworks */ = {
			isa = PBXFrameworksBuildPhase;
			buildActionMask = 2147483647;
			files = (
			);
			runOnlyForDeploymentPostprocessing = 0;
		};
/* End PBXFrameworksBuildPhase section */

/* Begin PBXGroup section */
		79E7EF3D1CF332330034AB9E = {
			isa = PBXGroup;
			children = (
				79E7EF481CF332330034AB9E /* Calculator4 */,
				79E7EF471CF332330034AB9E /* Products */,
			);
			sourceTree = "<group>";
		};
		79E7EF471CF332330034AB9E /* Products */ = {
			isa = PBXGroup;
			children = (
				79E7EF461CF332330034AB9E /* Calculator4.app */,
			);
			name = Products;
			sourceTree = "<group>";
		};
		79E7EF481CF332330034AB9E /* Calculator4 */ = {
			isa = PBXGroup;
			children = (
				79E7EF4B1CF332330034AB9E /* ViewController.swift */,
				79E7EF4D1CF332330034AB9E /* Main.storyboard */,
				794D71D61D058F4E002411C4 /* CalculatorBrain.swift */,
				79E7EF5B1CF3326F0034AB9E /* Supporting Files */,
			);
			path = Calculator4;
			sourceTree = "<group>";
		};
		79E7EF5B1CF3326F0034AB9E /* Supporting Files */ = {
			isa = PBXGroup;
			children = (
				79E7EF491CF332330034AB9E /* AppDelegate.swift */,
				79E7EF551CF332330034AB9E /* Info.plist */,
				79E7EF521CF332330034AB9E /* LaunchScreen.storyboard */,
				79E7EF501CF332330034AB9E /* Assets.xcassets */,
			);
			name = "Supporting Files";
			sourceTree = "<group>";
		};
/* End PBXGroup section */

/* Begin PBXNativeTarget section */
		79E7EF451CF332330034AB9E /* Calculator4 */ = {
			isa = PBXNativeTarget;
			buildConfigurationList = 79E7EF581CF332330034AB9E /* Build configuration list for PBXNativeTarget "Calculator4" */;
			buildPhases = (
				79E7EF421CF332330034AB9E /* Sources */,
				79E7EF431CF332330034AB9E /* Frameworks */,
				79E7EF441CF332330034AB9E /* Resources */,
			);
			buildRules = (
			);
			dependencies = (
			);
			name = Calculator4;
			productName = Calculator4;
			productReference = 79E7EF461CF332330034AB9E /* Calculator4.app */;
			productType = "com.apple.product-type.application";
		};
/* End PBXNativeTarget section */

/* Begin PBXProject section */
		79E7EF3E1CF332330034AB9E /* Project object */ = {
			isa = PBXProject;
			attributes = {
				LastSwiftUpdateCheck = 0730;
				LastUpgradeCheck = 0730;
				ORGANIZATIONNAME = "Piret Pomerants";
				TargetAttributes = {
					79E7EF451CF332330034AB9E = {
						CreatedOnToolsVersion = 7.3.1;
					};
				};
			};
			buildConfigurationList = 79E7EF411CF332330034AB9E /* Build configuration list for PBXProject "Calculator4" */;
			compatibilityVersion = "Xcode 3.2";
			developmentRegion = English;
			hasScannedForEncodings = 0;
			knownRegions = (
				en,
				Base,
			);
			mainGroup = 79E7EF3D1CF332330034AB9E;
			productRefGroup = 79E7EF471CF332330034AB9E /* Products */;
			projectDirPath = "";
			projectRoot = "";
			targets = (
				79E7EF451CF332330034AB9E /* Calculator4 */,
			);
		};
/* End PBXProject section */

/* Begin PBXResourcesBuildPhase section */
		79E7EF441CF332330034AB9E /* Resources */ = {
			isa = PBXResourcesBuildPhase;
			buildActionMask = 2147483647;
			files = (
				79E7EF541CF332330034AB9E /* LaunchScreen.storyboard in Resources */,
				79E7EF511CF332330034AB9E /* Assets.xcassets in Resources */,
				79E7EF4F1CF332330034AB9E /* Main.storyboard in Resources */,
			);
			runOnlyForDeploymentPostprocessing = 0;
		};
/* End PBXResourcesBuildPhase section */

/* Begin PBXSourcesBuildPhase section */
		79E7EF421CF332330034AB9E /* Sources */ = {
			isa = PBXSourcesBuildPhase;
			buildActionMask = 2147483647;
			files = (
				794D71D71D058F4E002411C4 /* CalculatorBrain.swift in Sources */,
				79E7EF4C1CF332330034AB9E /* ViewController.swift in Sources */,
				79E7EF4A1CF332330034AB9E /* AppDelegate.swift in Sources */,
			);
			runOnlyForDeploymentPostprocessing = 0;
		};
/* End PBXSourcesBuildPhase section */

/* Begin PBXVariantGroup section */
		79E7EF4D1CF332330034AB9E /* Main.storyboard */ = {
			isa = PBXVariantGroup;
			children = (
				79E7EF4E1CF332330034AB9E /* Base */,
			);
			name = Main.storyboard;
			sourceTree = "<group>";
		};
		79E7EF521CF332330034AB9E /* LaunchScreen.storyboard */ = {
			isa = PBXVariantGroup;
			children = (
				79E7EF531CF332330034AB9E /* Base */,
			);
			name = LaunchScreen.storyboard;
			sourceTree = "<group>";
		};
/* End PBXVariantGroup section */

/* Begin XCBuildConfiguration section */
		79E7EF561CF332330034AB9E /* Debug */ = {
			isa = XCBuildConfiguration;
			buildSettings = {
				ALWAYS_SEARCH_USER_PATHS = NO;
				CLANG_ANALYZER_NONNULL = YES;
				CLANG_CXX_LANGUAGE_STANDARD = "gnu++0x";
				CLANG_CXX_LIBRARY = "libc++";
				CLANG_ENABLE_MODULES = YES;
				CLANG_ENABLE_OBJC_ARC = YES;
				CLANG_WARN_BOOL_CONVERSION = YES;
				CLANG_WARN_CONSTANT_CONVERSION = YES;
				CLANG_WARN_DIRECT_OBJC_ISA_USAGE = YES_ERROR;
				CLANG_WARN_EMPTY_BODY = YES;
				CLANG_WARN_ENUM_CONVERSION = YES;
				CLANG_WARN_INT_CONVERSION = YES;
				CLANG_WARN_OBJC_ROOT_CLASS = YES_ERROR;
				CLANG_WARN_UNREACHABLE_CODE = YES;
				CLANG_WARN__DUPLICATE_METHOD_MATCH = YES;
				"CODE_SIGN_IDENTITY[sdk=iphoneos*]" = "iPhone Developer";
				COPY_PHASE_STRIP = NO;
				DEBUG_INFORMATION_FORMAT = dwarf;
				ENABLE_STRICT_OBJC_MSGSEND = YES;
				ENABLE_TESTABILITY = YES;
				GCC_C_LANGUAGE_STANDARD = gnu99;
				GCC_DYNAMIC_NO_PIC = NO;
				GCC_NO_COMMON_BLOCKS = YES;
				GCC_OPTIMIZATION_LEVEL = 0;
				GCC_PREPROCESSOR_DEFINITIONS = (
					"DEBUG=1",
					"$(inherited)",
				);
				GCC_WARN_64_TO_32_BIT_CONVERSION = YES;
				GCC_WARN_ABOUT_RETURN_TYPE = YES_ERROR;
				GCC_WARN_UNDECLARED_SELECTOR = YES;
				GCC_WARN_UNINITIALIZED_AUTOS = YES_AGGRESSIVE;
				GCC_WARN_UNUSED_FUNCTION = YES;
				GCC_WARN_UNUSED_VARIABLE = YES;
				IPHONEOS_DEPLOYMENT_TARGET = 9.3;
				MTL_ENABLE_DEBUG_INFO = YES;
				ONLY_ACTIVE_ARCH = YES;
				SDKROOT = iphoneos;
				SWIFT_OPTIMIZATION_LEVEL = "-Onone";
				TARGETED_DEVICE_FAMILY = "1,2";
			};
			name = Debug;
		};
		79E7EF571CF332330034AB9E /* Release */ = {
			isa = XCBuildConfiguration;
			buildSettings = {
				ALWAYS_SEARCH_USER_PATHS = NO;
				CLANG_ANALYZER_NONNULL = YES;
				CLANG_CXX_LANGUAGE_STANDARD = "gnu++0x";
				CLANG_CXX_LIBRARY = "libc++";
				CLANG_ENABLE_MODULES = YES;
				CLANG_ENABLE_OBJC_ARC = YES;
				CLANG_WARN_BOOL_CONVERSION = YES;
				CLANG_WARN_CONSTANT_CONVERSION = YES;
				CLANG_WARN_DIRECT_OBJC_ISA_USAGE = YES_ERROR;
				CLANG_WARN_EMPTY_BODY = YES;
				CLANG_WARN_ENUM_CONVERSION = YES;
				CLANG_WARN_INT_CONVERSION = YES;
				CLANG_WARN_OBJC_ROOT_CLASS = YES_ERROR;
				CLANG_WARN_UNREACHABLE_CODE = YES;
				CLANG_WARN__DUPLICATE_METHOD_MATCH = YES;
				"CODE_SIGN_IDENTITY[sdk=iphoneos*]" = "iPhone Developer";
				COPY_PHASE_STRIP = NO;
				DEBUG_INFORMATION_FORMAT = "dwarf-with-dsym";
				ENABLE_NS_ASSERTIONS = NO;
				ENABLE_STRICT_OBJC_MSGSEND = YES;
				GCC_C_LANGUAGE_STANDARD = gnu99;
				GCC_NO_COMMON_BLOCKS = YES;
				GCC_WARN_64_TO_32_BIT_CONVERSION = YES;
				GCC_WARN_ABOUT_RETURN_TYPE = YES_ERROR;
				GCC_WARN_UNDECLARED_SELECTOR = YES;
				GCC_WARN_UNINITIALIZED_AUTOS = YES_AGGRESSIVE;
				GCC_WARN_UNUSED_FUNCTION = YES;
				GCC_WARN_UNUSED_VARIABLE = YES;
				IPHONEOS_DEPLOYMENT_TARGET = 9.3;
				MTL_ENABLE_DEBUG_INFO = NO;
				SDKROOT = iphoneos;
				TARGETED_DEVICE_FAMILY = "1,2";
				VALIDATE_PRODUCT = YES;
			};
			name = Release;
		};
		79E7EF591CF332330034AB9E /* Debug */ = {
			isa = XCBuildConfiguration;
			buildSettings = {
				ASSETCATALOG_COMPILER_APPICON_NAME = AppIcon;
				INFOPLIST_FILE = Calculator4/Info.plist;
				LD_RUNPATH_SEARCH_PATHS = "$(inherited) @executable_path/Frameworks";
				PRODUCT_BUNDLE_IDENTIFIER = itkolledz.Calculator4;
				PRODUCT_NAME = "$(TARGET_NAME)";
			};
			name = Debug;
		};
		79E7EF5A1CF332330034AB9E /* Release */ = {
			isa = XCBuildConfiguration;
			buildSettings = {
				ASSETCATALOG_COMPILER_APPICON_NAME = AppIcon;
				INFOPLIST_FILE = Calculator4/Info.plist;
				LD_RUNPATH_SEARCH_PATHS = "$(inherited) @executable_path/Frameworks";
				PRODUCT_BUNDLE_IDENTIFIER = itkolledz.Calculator4;
				PRODUCT_NAME = "$(TARGET_NAME)";
			};
			name = Release;
		};
/* End XCBuildConfiguration section */

/* Begin XCConfigurationList section */
		79E7EF411CF332330034AB9E /* Build configuration list for PBXProject "Calculator4" */ = {
			isa = XCConfigurationList;
			buildConfigurations = (
				79E7EF561CF332330034AB9E /* Debug */,
				79E7EF571CF332330034AB9E /* Release */,
			);
			defaultConfigurationIsVisible = 0;
			defaultConfigurationName = Release;
		};
		79E7EF581CF332330034AB9E /* Build configuration list for PBXNativeTarget "Calculator4" */ = {
			isa = XCConfigurationList;
			buildConfigurations = (
				79E7EF591CF332330034AB9E /* Debug */,
				79E7EF5A1CF332330034AB9E /* Release */,
			);
			defaultConfigurationIsVisible = 0;
			defaultConfigurationName = Release;
		};
/* End XCConfigurationList section */
	};
	rootObject = 79E7EF3E1CF332330034AB9E /* Project object */;
}
